
Microsoft Visual Studio Solution File, Format Version 12.00
# Visual Studio 15
VisualStudioVersion = 15.0.26124.0
MinimumVisualStudioVersion = 15.0.26124.0
Project("{FAE04EC0-301F-11D3-BF4B-00C04F79EFBC}") = "ProAgil.Domain", "ProAgil.Domain\ProAgil.Domain.csproj", "{6E3CEBB1-1B93-4BF4-9E78-C3278967947E}"
EndProject
Project("{FAE04EC0-301F-11D3-BF4B-00C04F79EFBC}") = "ProAgil.Repository", "ProAgil.Repository\ProAgil.Repository.csproj", "{1FC1B204-E0A4-4259-9C6D-4507873A41D2}"
EndProject
Project("{FAE04EC0-301F-11D3-BF4B-00C04F79EFBC}") = "ProAgil.WebAPI", "ProAgil.WebAPI\ProAgil.WebAPI.csproj", "{7DE15E57-AC9F-4083-B7BF-2FB21C454D57}"
EndProject
Global
	GlobalSection(SolutionConfigurationPlatforms) = preSolution
		Debug|Any CPU = Debug|Any CPU
		Debug|x64 = Debug|x64
		Debug|x86 = Debug|x86
		Release|Any CPU = Release|Any CPU
		Release|x64 = Release|x64
		Release|x86 = Release|x86
	EndGlobalSection
	GlobalSection(SolutionProperties) = preSolution
		HideSolutionNode = FALSE
	EndGlobalSection
	GlobalSection(ProjectConfigurationPlatforms) = postSolution
		{6E3CEBB1-1B93-4BF4-9E78-C3278967947E}.Debug|Any CPU.ActiveCfg = Debug|Any CPU
		{6E3CEBB1-1B93-4BF4-9E78-C3278967947E}.Debug|Any CPU.Build.0 = Debug|Any CPU
		{6E3CEBB1-1B93-4BF4-9E78-C3278967947E}.Debug|x64.ActiveCfg = Debug|Any CPU
		{6E3CEBB1-1B93-4BF4-9E78-C3278967947E}.Debug|x64.Build.0 = Debug|Any CPU
		{6E3CEBB1-1B93-4BF4-9E78-C3278967947E}.Debug|x86.ActiveCfg = Debug|Any CPU
		{6E3CEBB1-1B93-4BF4-9E78-C3278967947E}.Debug|x86.Build.0 = Debug|Any CPU
		{6E3CEBB1-1B93-4BF4-9E78-C3278967947E}.Release|Any CPU.ActiveCfg = Release|Any CPU
		{6E3CEBB1-1B93-4BF4-9E78-C3278967947E}.Release|Any CPU.Build.0 = Release|Any CPU
		{6E3CEBB1-1B93-4BF4-9E78-C3278967947E}.Release|x64.ActiveCfg = Release|Any CPU
		{6E3CEBB1-1B93-4BF4-9E78-C3278967947E}.Release|x64.Build.0 = Release|Any CPU
		{6E3CEBB1-1B93-4BF4-9E78-C3278967947E}.Release|x86.ActiveCfg = Release|Any CPU
		{6E3CEBB1-1B93-4BF4-9E78-C3278967947E}.Release|x86.Build.0 = Release|Any CPU
		{1FC1B204-E0A4-4259-9C6D-4507873A41D2}.Debug|Any CPU.ActiveCfg = Debug|Any CPU
		{1FC1B204-E0A4-4259-9C6D-4507873A41D2}.Debug|Any CPU.Build.0 = Debug|Any CPU
		{1FC1B204-E0A4-4259-9C6D-4507873A41D2}.Debug|x64.ActiveCfg = Debug|Any CPU
		{1FC1B204-E0A4-4259-9C6D-4507873A41D2}.Debug|x64.Build.0 = Debug|Any CPU
		{1FC1B204-E0A4-4259-9C6D-4507873A41D2}.Debug|x86.ActiveCfg = Debug|Any CPU
		{1FC1B204-E0A4-4259-9C6D-4507873A41D2}.Debug|x86.Build.0 = Debug|Any CPU
		{1FC1B204-E0A4-4259-9C6D-4507873A41D2}.Release|Any CPU.ActiveCfg = Release|Any CPU
		{1FC1B204-E0A4-4259-9C6D-4507873A41D2}.Release|Any CPU.Build.0 = Release|Any CPU
		{1FC1B204-E0A4-4259-9C6D-4507873A41D2}.Release|x64.ActiveCfg = Release|Any CPU
		{1FC1B204-E0A4-4259-9C6D-4507873A41D2}.Release|x64.Build.0 = Release|Any CPU
		{1FC1B204-E0A4-4259-9C6D-4507873A41D2}.Release|x86.ActiveCfg = Release|Any CPU
		{1FC1B204-E0A4-4259-9C6D-4507873A41D2}.Release|x86.Build.0 = Release|Any CPU
		{7DE15E57-AC9F-4083-B7BF-2FB21C454D57}.Debug|Any CPU.ActiveCfg = Debug|Any CPU
		{7DE15E57-AC9F-4083-B7BF-2FB21C454D57}.Debug|Any CPU.Build.0 = Debug|Any CPU
		{7DE15E57-AC9F-4083-B7BF-2FB21C454D57}.Debug|x64.ActiveCfg = Debug|Any CPU
		{7DE15E57-AC9F-4083-B7BF-2FB21C454D57}.Debug|x64.Build.0 = Debug|Any CPU
		{7DE15E57-AC9F-4083-B7BF-2FB21C454D57}.Debug|x86.ActiveCfg = Debug|Any CPU
		{7DE15E57-AC9F-4083-B7BF-2FB21C454D57}.Debug|x86.Build.0 = Debug|Any CPU
		{7DE15E57-AC9F-4083-B7BF-2FB21C454D57}.Release|Any CPU.ActiveCfg = Release|Any CPU
		{7DE15E57-AC9F-4083-B7BF-2FB21C454D57}.Release|Any CPU.Build.0 = Release|Any CPU
		{7DE15E57-AC9F-4083-B7BF-2FB21C454D57}.Release|x64.ActiveCfg = Release|Any CPU
		{7DE15E57-AC9F-4083-B7BF-2FB21C454D57}.Release|x64.Build.0 = Release|Any CPU
		{7DE15E57-AC9F-4083-B7BF-2FB21C454D57}.Release|x86.ActiveCfg = Release|Any CPU
		{7DE15E57-AC9F-4083-B7BF-2FB21C454D57}.Release|x86.Build.0 = Release|Any CPU
	EndGlobalSection
EndGlobal
